
Microsoft Visual Studio Solution File, Format Version 12.00
# Visual Studio Version 17
VisualStudioVersion = 17.5.002.0
MinimumVisualStudioVersion = 10.0.40219.1
Project("{9A19103F-16F7-4668-BE54-9A1E7A4F7556}") = "KiSpaceDamageCalc", "KiSpaceDamageCalc.csproj", "{44E05097-2027-4F28-9A8D-009C7D8067FC}"
EndProject
Global
	GlobalSection(SolutionConfigurationPlatforms) = preSolution
		Debug|Any CPU = Debug|Any CPU
		Release|Any CPU = Release|Any CPU
	EndGlobalSection
	GlobalSection(ProjectConfigurationPlatforms) = postSolution
		{44E05097-2027-4F28-9A8D-009C7D8067FC}.Debug|Any CPU.ActiveCfg = Debug|Any CPU
		{44E05097-2027-4F28-9A8D-009C7D8067FC}.Debug|Any CPU.Build.0 = Debug|Any CPU
		{44E05097-2027-4F28-9A8D-009C7D8067FC}.Release|Any CPU.ActiveCfg = Release|Any CPU
		{44E05097-2027-4F28-9A8D-009C7D8067FC}.Release|Any CPU.Build.0 = Release|Any CPU
	EndGlobalSection
	GlobalSection(SolutionProperties) = preSolution
		HideSolutionNode = FALSE
	EndGlobalSection
	GlobalSection(ExtensibilityGlobals) = postSolution
		SolutionGuid = {5F9B9973-80B2-4DF5-A4F8-60D612001387}
	EndGlobalSection
EndGlobal
